
Microsoft Visual Studio Solution File, Format Version 12.00
# Visual Studio Version 16
VisualStudioVersion = 16.0.30104.148
MinimumVisualStudioVersion = 10.0.40219.1
Project("{FAE04EC0-301F-11D3-BF4B-00C04F79EFBC}") = "OBSTallyClient", "OBSTallyClient\OBSTallyClient.csproj", "{32EC35DC-FCD2-4304-AB6E-5D70856CFFFB}"
EndProject
Global
	GlobalSection(SolutionConfigurationPlatforms) = preSolution
		Debug|Any CPU = Debug|Any CPU
		Publish|Any CPU = Publish|Any CPU
		Release|Any CPU = Release|Any CPU
	EndGlobalSection
	GlobalSection(ProjectConfigurationPlatforms) = postSolution
		{32EC35DC-FCD2-4304-AB6E-5D70856CFFFB}.Debug|Any CPU.ActiveCfg = Debug|Any CPU
		{32EC35DC-FCD2-4304-AB6E-5D70856CFFFB}.Debug|Any CPU.Build.0 = Debug|Any CPU
		{32EC35DC-FCD2-4304-AB6E-5D70856CFFFB}.Publish|Any CPU.ActiveCfg = Debug|Any CPU
		{32EC35DC-FCD2-4304-AB6E-5D70856CFFFB}.Publish|Any CPU.Build.0 = Debug|Any CPU
		{32EC35DC-FCD2-4304-AB6E-5D70856CFFFB}.Release|Any CPU.ActiveCfg = Release|Any CPU
		{32EC35DC-FCD2-4304-AB6E-5D70856CFFFB}.Release|Any CPU.Build.0 = Release|Any CPU
	EndGlobalSection
	GlobalSection(SolutionProperties) = preSolution
		HideSolutionNode = FALSE
	EndGlobalSection
	GlobalSection(ExtensibilityGlobals) = postSolution
		SolutionGuid = {8C8443BF-BB21-4344-AB84-71B48B34DE4B}
	EndGlobalSection
EndGlobal
